<?xml version="1.0" encoding="UTF-8" standalone="yes" ?>
<CodeBlocks_project_file>
	<FileVersion major="1" minor="6" />
	<Project>
		<Option title="DaveSmarpod" />
		<Option pch_mode="2" />
		<Option compiler="gcc" />
		<Build>
			<Target title="Release">
				<Option output="bin/Release/DaveSmarpod" prefix_auto="1" extension_auto="1" />
				<Option object_output="obj/Release/" />
				<Option type="1" />
				<Option compiler="gcc" />
				<Compiler>
					<Add option="-O2" />
					<Add directory="include" />
				</Compiler>
				<Linker>
					<Add option="-s" />
				</Linker>
			</Target>
		</Build>
		<Compiler>
			<Add option="-Wall" />
			<Add option="-m64" />
		</Compiler>
		<Linker>
			<Add option="-m64" />
			<Add library="/usr/lib/libmcscontrol.so" />
			<Add library="/usr/lib/libsmaractio.so" />
			<Add library="/usr/lib/libsmarpod.so" />
		</Linker>
		<Unit filename="example.cpp" />
		<Unit filename="include/DaveSmarpod.h" />
		<Unit filename="include/DaveUtil.h" />
		<Unit filename="main.cpp" />
		<Unit filename="src/DaveSmarpod.cpp" />
		<Unit filename="src/DaveUtil.cpp" />
		<Extensions>
			<code_completion />
			<debugger />
		</Extensions>
	</Project>
</CodeBlocks_project_file>
