<?xml version="1.0" encoding="UTF-8" standalone="yes" ?>
<CodeBlocks_project_file>
	<FileVersion major="1" minor="6" />
	<Project>
		<Option title="LD_Smarpod" />
		<Option pch_mode="2" />
		<Option compiler="gcc" />
		<Build>
			<Target title="Linux">
				<Option output="bin/Release/LD_Smarpod" prefix_auto="1" extension_auto="1" />
				<Option object_output="obj/Release/" />
				<Option type="1" />
				<Option compiler="gcc" />
				<Compiler>
					<Add option="-O2" />
					<Add directory="include" />
				</Compiler>
				<Linker>
					<Add option="-s" />
					<Add library="/usr/lib/libmcscontrol.so" />
					<Add library="/usr/lib/libsmaractio.so" />
					<Add library="/usr/lib/libsmarpod.so" />
				</Linker>
			</Target>
		</Build>
		<Compiler>
			<Add option="-O2" />
			<Add option="-pedantic" />
			<Add option="-Wextra" />
			<Add option="-Wall" />
			<Add option="-std=c++14" />
			<Add option="-m64" />
		</Compiler>
		<Linker>
			<Add option="-m64" />
		</Linker>
		<Unit filename="include/LD_Smarpod.h" />
		<Unit filename="include/LD_Util.h" />
		<Unit filename="main.cpp" />
		<Unit filename="src/LD_Smarpod.cpp" />
		<Unit filename="src/LD_Util.cpp" />
		<Extensions>
			<code_completion />
			<debugger />
		</Extensions>
	</Project>
</CodeBlocks_project_file>
